
Microsoft Visual Studio Solution File, Format Version 12.00
# Visual Studio Version 17
VisualStudioVersion = 17.6.33801.468
MinimumVisualStudioVersion = 10.0.40219.1
Project("{9A19103F-16F7-4668-BE54-9A1E7A4F7556}") = "HostME.API", "HostME.API\HostME.API.csproj", "{2D48EE0B-07EE-447A-B7F3-B451B5956D23}"
EndProject
Project("{9A19103F-16F7-4668-BE54-9A1E7A4F7556}") = "HostME.Core", "HostME.Core\HostME.Core.csproj", "{21853B69-2085-4D11-BF0A-8DE1C9B38FC3}"
EndProject
Project("{9A19103F-16F7-4668-BE54-9A1E7A4F7556}") = "HostME.Data", "HostME.Data\HostME.Data.csproj", "{2281C461-53A4-4BF1-B694-1D38F086D25A}"
EndProject
Global
	GlobalSection(SolutionConfigurationPlatforms) = preSolution
		Debug|Any CPU = Debug|Any CPU
		Release|Any CPU = Release|Any CPU
	EndGlobalSection
	GlobalSection(ProjectConfigurationPlatforms) = postSolution
		{2D48EE0B-07EE-447A-B7F3-B451B5956D23}.Debug|Any CPU.ActiveCfg = Debug|Any CPU
		{2D48EE0B-07EE-447A-B7F3-B451B5956D23}.Debug|Any CPU.Build.0 = Debug|Any CPU
		{2D48EE0B-07EE-447A-B7F3-B451B5956D23}.Release|Any CPU.ActiveCfg = Release|Any CPU
		{2D48EE0B-07EE-447A-B7F3-B451B5956D23}.Release|Any CPU.Build.0 = Release|Any CPU
		{21853B69-2085-4D11-BF0A-8DE1C9B38FC3}.Debug|Any CPU.ActiveCfg = Debug|Any CPU
		{21853B69-2085-4D11-BF0A-8DE1C9B38FC3}.Debug|Any CPU.Build.0 = Debug|Any CPU
		{21853B69-2085-4D11-BF0A-8DE1C9B38FC3}.Release|Any CPU.ActiveCfg = Release|Any CPU
		{21853B69-2085-4D11-BF0A-8DE1C9B38FC3}.Release|Any CPU.Build.0 = Release|Any CPU
		{2281C461-53A4-4BF1-B694-1D38F086D25A}.Debug|Any CPU.ActiveCfg = Debug|Any CPU
		{2281C461-53A4-4BF1-B694-1D38F086D25A}.Debug|Any CPU.Build.0 = Debug|Any CPU
		{2281C461-53A4-4BF1-B694-1D38F086D25A}.Release|Any CPU.ActiveCfg = Release|Any CPU
		{2281C461-53A4-4BF1-B694-1D38F086D25A}.Release|Any CPU.Build.0 = Release|Any CPU
	EndGlobalSection
	GlobalSection(SolutionProperties) = preSolution
		HideSolutionNode = FALSE
	EndGlobalSection
	GlobalSection(ExtensibilityGlobals) = postSolution
		SolutionGuid = {92E7A161-B59B-4431-A269-7D3DF5E01843}
	EndGlobalSection
EndGlobal
