
Microsoft Visual Studio Solution File, Format Version 12.00
# Visual Studio Version 17
VisualStudioVersion = 17.6.33801.468
MinimumVisualStudioVersion = 10.0.40219.1
Project("{FAE04EC0-301F-11D3-BF4B-00C04F79EFBC}") = "Hostel.MVC", "Hostel.MVC\Hostel.MVC.csproj", "{D7278CA8-BB80-42B4-B49C-740E62121B48}"
EndProject
Global
	GlobalSection(SolutionConfigurationPlatforms) = preSolution
		Debug|Any CPU = Debug|Any CPU
		Release|Any CPU = Release|Any CPU
	EndGlobalSection
	GlobalSection(ProjectConfigurationPlatforms) = postSolution
		{D7278CA8-BB80-42B4-B49C-740E62121B48}.Debug|Any CPU.ActiveCfg = Debug|Any CPU
		{D7278CA8-BB80-42B4-B49C-740E62121B48}.Debug|Any CPU.Build.0 = Debug|Any CPU
		{D7278CA8-BB80-42B4-B49C-740E62121B48}.Release|Any CPU.ActiveCfg = Release|Any CPU
		{D7278CA8-BB80-42B4-B49C-740E62121B48}.Release|Any CPU.Build.0 = Release|Any CPU
	EndGlobalSection
	GlobalSection(SolutionProperties) = preSolution
		HideSolutionNode = FALSE
	EndGlobalSection
	GlobalSection(ExtensibilityGlobals) = postSolution
		SolutionGuid = {11BB7A02-A188-4CF4-874F-B6E6018A97E5}
	EndGlobalSection
EndGlobal
